
Microsoft Visual Studio Solution File, Format Version 12.00
# Visual Studio Version 16
VisualStudioVersion = 25.0.1706.7
MinimumVisualStudioVersion = 10.0.40219.1
Project("{FAE04EC0-301F-11D3-BF4B-00C04F79EFBC}") = "ArarararWeb", "ArarararWeb.csproj", "{8BBDD8AF-3572-4800-B2EF-E4AF88B4EF71}"
EndProject
Global
	GlobalSection(SolutionConfigurationPlatforms) = preSolution
		Debug|Any CPU = Debug|Any CPU
		Release|Any CPU = Release|Any CPU
	EndGlobalSection
	GlobalSection(ProjectConfigurationPlatforms) = postSolution
		{8BBDD8AF-3572-4800-B2EF-E4AF88B4EF71}.Debug|Any CPU.ActiveCfg = Debug|Any CPU
		{8BBDD8AF-3572-4800-B2EF-E4AF88B4EF71}.Debug|Any CPU.Build.0 = Debug|Any CPU
		{8BBDD8AF-3572-4800-B2EF-E4AF88B4EF71}.Release|Any CPU.ActiveCfg = Release|Any CPU
		{8BBDD8AF-3572-4800-B2EF-E4AF88B4EF71}.Release|Any CPU.Build.0 = Release|Any CPU
	EndGlobalSection
	GlobalSection(SolutionProperties) = preSolution
		HideSolutionNode = FALSE
	EndGlobalSection
	GlobalSection(ExtensibilityGlobals) = postSolution
		SolutionGuid = {5C24CE4C-21D7-4409-82A4-3FBF60A0A43A}
	EndGlobalSection
EndGlobal
